Microsoft Visual Studio Solution File, Format Version 12.00
# Visual Studio Version 17
VisualStudioVersion = 17.5.2.0
MinimumVisualStudioVersion = 10.0.40219.1
Project("{FAE04EC0-301F-11D3-BF4B-00C04F79EFBC}") = "ConcatenationOfArrays", "ConcatenationOfArrays.csproj", "{A26BE46D-3F41-D0BC-3B60-7B2A92FBFC00}"
EndProject
Global
	GlobalSection(SolutionConfigurationPlatforms) = preSolution
		Debug|Any CPU = Debug|Any CPU
		Release|Any CPU = Release|Any CPU
	EndGlobalSection
	GlobalSection(ProjectConfigurationPlatforms) = postSolution
		{A26BE46D-3F41-D0BC-3B60-7B2A92FBFC00}.Debug|Any CPU.ActiveCfg = Debug|Any CPU
		{A26BE46D-3F41-D0BC-3B60-7B2A92FBFC00}.Debug|Any CPU.Build.0 = Debug|Any CPU
		{A26BE46D-3F41-D0BC-3B60-7B2A92FBFC00}.Release|Any CPU.ActiveCfg = Release|Any CPU
		{A26BE46D-3F41-D0BC-3B60-7B2A92FBFC00}.Release|Any CPU.Build.0 = Release|Any CPU
	EndGlobalSection
	GlobalSection(SolutionProperties) = preSolution
		HideSolutionNode = FALSE
	EndGlobalSection
	GlobalSection(ExtensibilityGlobals) = postSolution
		SolutionGuid = {E6D53C14-F68C-4E50-A57B-4C26614F8813}
	EndGlobalSection
EndGlobal
