Microsoft Visual Studio Solution File, Format Version 12.00
# Visual Studio Version 17
VisualStudioVersion = 17.5.2.0
MinimumVisualStudioVersion = 10.0.40219.1
Project("{FAE04EC0-301F-11D3-BF4B-00C04F79EFBC}") = "ResultantArrayAfterRemovingAnagrams", "ResultantArrayAfterRemovingAnagrams.csproj", "{DB18828C-E605-7DC6-825C-3E0A8605EAF8}"
EndProject
Global
	GlobalSection(SolutionConfigurationPlatforms) = preSolution
		Debug|Any CPU = Debug|Any CPU
		Release|Any CPU = Release|Any CPU
	EndGlobalSection
	GlobalSection(ProjectConfigurationPlatforms) = postSolution
		{DB18828C-E605-7DC6-825C-3E0A8605EAF8}.Debug|Any CPU.ActiveCfg = Debug|Any CPU
		{DB18828C-E605-7DC6-825C-3E0A8605EAF8}.Debug|Any CPU.Build.0 = Debug|Any CPU
		{DB18828C-E605-7DC6-825C-3E0A8605EAF8}.Release|Any CPU.ActiveCfg = Release|Any CPU
		{DB18828C-E605-7DC6-825C-3E0A8605EAF8}.Release|Any CPU.Build.0 = Release|Any CPU
	EndGlobalSection
	GlobalSection(SolutionProperties) = preSolution
		HideSolutionNode = FALSE
	EndGlobalSection
	GlobalSection(ExtensibilityGlobals) = postSolution
		SolutionGuid = {877F99F1-DA6E-480C-BC3C-2E114AC3F7B3}
	EndGlobalSection
EndGlobal
